
Microsoft Visual Studio Solution File, Format Version 12.00
# Visual Studio Version 17
VisualStudioVersion = 17.4.33213.308
MinimumVisualStudioVersion = 10.0.40219.1
Project("{FAE04EC0-301F-11D3-BF4B-00C04F79EFBC}") = "Wallet-Pwgen", "Wallet-Pwgen\Wallet-Pwgen.csproj", "{4586BE8C-9B7D-4B21-B521-FB9443199059}"
EndProject
Global
	GlobalSection(SolutionConfigurationPlatforms) = preSolution
		Debug|Any CPU = Debug|Any CPU
		Release|Any CPU = Release|Any CPU
	EndGlobalSection
	GlobalSection(ProjectConfigurationPlatforms) = postSolution
		{4586BE8C-9B7D-4B21-B521-FB9443199059}.Debug|Any CPU.ActiveCfg = Debug|Any CPU
		{4586BE8C-9B7D-4B21-B521-FB9443199059}.Debug|Any CPU.Build.0 = Debug|Any CPU
		{4586BE8C-9B7D-4B21-B521-FB9443199059}.Release|Any CPU.ActiveCfg = Release|Any CPU
		{4586BE8C-9B7D-4B21-B521-FB9443199059}.Release|Any CPU.Build.0 = Release|Any CPU
	EndGlobalSection
	GlobalSection(SolutionProperties) = preSolution
		HideSolutionNode = FALSE
	EndGlobalSection
	GlobalSection(ExtensibilityGlobals) = postSolution
		SolutionGuid = {81D67B6C-CF25-43B5-8E08-1759338D6EB7}
	EndGlobalSection
EndGlobal
